
Microsoft Visual Studio Solution File, Format Version 12.00
# Visual Studio Version 17
VisualStudioVersion = 17.9.34607.119
MinimumVisualStudioVersion = 10.0.40219.1
Project("{FAE04EC0-301F-11D3-BF4B-00C04F79EFBC}") = "SaajeApplic", "SaajeApplic\SaajeApplic.csproj", "{D5B67BF0-1E1F-4D98-883B-2B06AF91C300}"
EndProject
Global
	GlobalSection(SolutionConfigurationPlatforms) = preSolution
		Debug|Any CPU = Debug|Any CPU
		Release|Any CPU = Release|Any CPU
	EndGlobalSection
	GlobalSection(ProjectConfigurationPlatforms) = postSolution
		{D5B67BF0-1E1F-4D98-883B-2B06AF91C300}.Debug|Any CPU.ActiveCfg = Debug|Any CPU
		{D5B67BF0-1E1F-4D98-883B-2B06AF91C300}.Debug|Any CPU.Build.0 = Debug|Any CPU
		{D5B67BF0-1E1F-4D98-883B-2B06AF91C300}.Release|Any CPU.ActiveCfg = Release|Any CPU
		{D5B67BF0-1E1F-4D98-883B-2B06AF91C300}.Release|Any CPU.Build.0 = Release|Any CPU
	EndGlobalSection
	GlobalSection(SolutionProperties) = preSolution
		HideSolutionNode = FALSE
	EndGlobalSection
	GlobalSection(ExtensibilityGlobals) = postSolution
		SolutionGuid = {DD3CCE41-F012-448A-BE2E-68307C79755E}
	EndGlobalSection
EndGlobal
